# This file is automatically @generated by Cargo.
# It is not intended for manual editing.
version = 4

[[package]]
name = "restaurant"
version = "0.1.0"
source = "git+https://github.com/EllitonDias/reuso-de-software.git?branch=main#f044ac9bcf6a23e712ec24c08f8f898410efd6e4"

[[package]]
name = "use_restaurant"
version = "0.1.0"
dependencies = [
 "restaurant",
]
